# @generated - this file is auto-generated by `mise lock` https://mise.en.dev/dev-tools/mise-lock.html

[[tools."github:PowerShell/PowerShell"]]
version = "7.5.4"
backend = 'github:PowerShell/PowerShell[platforms={ linux-x64 = { asset_pattern = "powershell-*-linux-x64.tar.gz" }, macos-arm64 = { asset_pattern = "powershell-*-osx-arm64.tar.gz" }, windows-x64 = { asset_pattern = "PowerShell-*-win-x64.zip" } }]'

[[tools."github:koalaman/shellcheck"]]
version = "0.11.0"
backend = 'github:koalaman/shellcheck[platforms={ linux-x64 = { asset_pattern = "shellcheck-*.linux.x86_64.tar.xz" }, macos-arm64 = { asset_pattern = "shellcheck-*.darwin.aarch64.tar.xz" }, windows-x64 = { asset_pattern = "shellcheck-*.zip" } }]'

[[tools.node]]
version = "25.2.1"
backend = "core:node"

[tools.node."platforms.linux-arm64"]
checksum = "sha256:905238a17be9ae62c16e596019268d8ca9f0fc3142602a1f860dc4a7c1ddbf82"
url = "https://nodejs.org/dist/v25.2.1/node-v25.2.1-linux-arm64.tar.gz"

[tools.node."platforms.linux-arm64-musl"]
checksum = "sha256:3137ad833b26bcbe95f3179314fb05f1c13506f647ae7f5665488e2bdd6cc23b"
url = "https://unofficial-builds.nodejs.org/download/release/v25.2.1/node-v25.2.1-linux-arm64-musl.tar.gz"

[tools.node."platforms.linux-x64"]
checksum = "sha256:2094ecdc844ea11e9777cac42672b0d89cd63d27204193a587dc5a2d276bb940"
url = "https://nodejs.org/dist/v25.2.1/node-v25.2.1-linux-x64.tar.gz"

[tools.node."platforms.linux-x64-musl"]
checksum = "sha256:96fd0576bfcd06e317d9221f386027d130d4b619ff2c2de4c1d210dab2555c68"
url = "https://unofficial-builds.nodejs.org/download/release/v25.2.1/node-v25.2.1-linux-x64-musl.tar.gz"

[tools.node."platforms.macos-arm64"]
checksum = "sha256:be87e21bd235a451fad02c89e5bf7cb17e206e4cd89dd5664f20d19e7dfde6f9"
url = "https://nodejs.org/dist/v25.2.1/node-v25.2.1-darwin-arm64.tar.gz"

[tools.node."platforms.macos-x64"]
checksum = "sha256:c266da5a9075a56e1aa02460ce8df96fca9e796c388abe94a8df4949945df6b6"
url = "https://nodejs.org/dist/v25.2.1/node-v25.2.1-darwin-x64.tar.gz"

[tools.node."platforms.windows-x64"]
checksum = "sha256:f97ba75ead7720652f3925d9cf8661e083a28c6b98ea77acc83903d77a9dd688"
url = "https://nodejs.org/dist/v25.2.1/node-v25.2.1-win-x64.zip"

[[tools.python]]
version = "3.11.14"
backend = "core:python"

[tools.python."platforms.linux-arm64"]
checksum = "sha256:2f0ddbf14af77bb8c2348f51dcdf1d59e5ff5f569ea4333e39253fbe76d37597"
url = "https://github.com/astral-sh/python-build-standalone/releases/download/20260211/cpython-3.11.14+20260211-aarch64-unknown-linux-gnu-install_only_stripped.tar.gz"
provenance = "github-attestations"

[tools.python."platforms.linux-arm64-musl"]
checksum = "sha256:5294031e965fbfea26ebd3bd25053dd3f00af40533757ad579aa82d25a84f62d"
url = "https://github.com/astral-sh/python-build-standalone/releases/download/20260211/cpython-3.11.14+20260211-aarch64-unknown-linux-musl-install_only_stripped.tar.gz"
provenance = "github-attestations"

[tools.python."platforms.linux-x64"]
checksum = "blake3:4426fe0f754d4d58de80b6ae6e9c2fa38ef9ad5803a2757459f1a68dfb711138"
url = "https://github.com/astral-sh/python-build-standalone/releases/download/20260211/cpython-3.11.14+20260211-x86_64-unknown-linux-gnu-install_only_stripped.tar.gz"
provenance = "github-attestations"

[tools.python."platforms.linux-x64-musl"]
checksum = "sha256:2b125d2d730ec033dc8ec166966300b8917155e69271cae1e10c40c927ab0cd8"
url = "https://github.com/astral-sh/python-build-standalone/releases/download/20260211/cpython-3.11.14+20260211-x86_64-unknown-linux-musl-install_only_stripped.tar.gz"
provenance = "github-attestations"

[tools.python."platforms.macos-arm64"]
checksum = "sha256:d5f10f6fdc6f4afb5d251578edb89d8c0ece8f9f56e38b0019e2a94e8f0f4852"
url = "https://github.com/astral-sh/python-build-standalone/releases/download/20260211/cpython-3.11.14+20260211-aarch64-apple-darwin-install_only_stripped.tar.gz"
provenance = "github-attestations"

[tools.python."platforms.macos-x64"]
checksum = "sha256:7d335ad1c055fcc307723ae016018d8f861b0d49a80f43d5d4d595e7092dcae5"
url = "https://github.com/astral-sh/python-build-standalone/releases/download/20260211/cpython-3.11.14+20260211-x86_64-apple-darwin-install_only_stripped.tar.gz"
provenance = "github-attestations"

[tools.python."platforms.windows-x64"]
checksum = "sha256:db4a7b6389961f194ef5c1cb21a46c023dbc13703ac51f7bd7eaa1088740ca72"
url = "https://github.com/astral-sh/python-build-standalone/releases/download/20260211/cpython-3.11.14+20260211-x86_64-pc-windows-msvc-install_only_stripped.tar.gz"
provenance = "github-attestations"

[[tools.uv]]
version = "0.11.14"
backend = "aqua:astral-sh/uv"
